// !$*UTF8*$!
{
	archiveVersion = 1;
	classes = {
	};
	objectVersion = 48;
	objects = {

/* Begin PBXBuildFile section */
		B8354D3D1FD8EBE400102EE1 /* main.m in Sources */ = {isa = PBXBuildFile; fileRef = B8354D3C1FD8EBE400102EE1 /* main.m */; };
		B8354D451FD8EC2C00102EE1 /* H26XParse.c in Sources */ = {isa = PBXBuildFile; fileRef = B8354D431FD8EC2C00102EE1 /* H26XParse.c */; };
		B8354D481FD8EE6800102EE1 /* H26XLog.c in Sources */ = {isa = PBXBuildFile; fileRef = B8354D461FD8EE6800102EE1 /* H26XLog.c */; };
/* End PBXBuildFile section */

/* Begin PBXCopyFilesBuildPhase section */
		B8354D371FD8EBE400102EE1 /* CopyFiles */ = {
			isa = PBXCopyFilesBuildPhase;
			buildActionMask = 2147483647;
			dstPath = /usr/share/man/man1/;
			dstSubfolderSpec = 0;
			files = (
			);
			runOnlyForDeploymentPostprocessing = 1;
		};
/* End PBXCopyFilesBuildPhase section */

/* Begin PBXFileReference section */
		B8354D391FD8EBE400102EE1 /* H26XAnalys */ = {isa = PBXFileReference; explicitFileType = "compiled.mach-o.executable"; includeInIndex = 0; path = H26XAnalys; sourceTree = BUILT_PRODUCTS_DIR; };
		B8354D3C1FD8EBE400102EE1 /* main.m */ = {isa = PBXFileReference; lastKnownFileType = sourcecode.c.objc; path = main.m; sourceTree = "<group>"; };
		B8354D431FD8EC2C00102EE1 /* H26XParse.c */ = {isa = PBXFileReference; lastKnownFileType = sourcecode.c.c; path = H26XParse.c; sourceTree = "<group>"; };
		B8354D441FD8EC2C00102EE1 /* H26XParse.h */ = {isa = PBXFileReference; lastKnownFileType = sourcecode.c.h; path = H26XParse.h; sourceTree = "<group>"; };
		B8354D461FD8EE6800102EE1 /* H26XLog.c */ = {isa = PBXFileReference; lastKnownFileType = sourcecode.c.c; path = H26XLog.c; sourceTree = "<group>"; };
		B8354D471FD8EE6800102EE1 /* H26XLog.h */ = {isa = PBXFileReference; lastKnownFileType = sourcecode.c.h; path = H26XLog.h; sourceTree = "<group>"; };
/* End PBXFileReference section */

/* Begin PBXFrameworksBuildPhase section */
		B8354D361FD8EBE400102EE1 /* Frameworks */ = {
			isa = PBXFrameworksBuildPhase;
			buildActionMask = 2147483647;
			files = (
			);
			runOnlyForDeploymentPostprocessing = 0;
		};
/* End PBXFrameworksBuildPhase section */

/* Begin PBXGroup section */
		B8354D301FD8EBE400102EE1 = {
			isa = PBXGroup;
			children = (
				B8354D3B1FD8EBE400102EE1 /* H26XAnalys */,
				B8354D3A1FD8EBE400102EE1 /* Products */,
			);
			sourceTree = "<group>";
		};
		B8354D3A1FD8EBE400102EE1 /* Products */ = {
			isa = PBXGroup;
			children = (
				B8354D391FD8EBE400102EE1 /* H26XAnalys */,
			);
			name = Products;
			sourceTree = "<group>";
		};
		B8354D3B1FD8EBE400102EE1 /* H26XAnalys */ = {
			isa = PBXGroup;
			children = (
				B8354D3C1FD8EBE400102EE1 /* main.m */,
				B8354D431FD8EC2C00102EE1 /* H26XParse.c */,
				B8354D441FD8EC2C00102EE1 /* H26XParse.h */,
				B8354D461FD8EE6800102EE1 /* H26XLog.c */,
				B8354D471FD8EE6800102EE1 /* H26XLog.h */,
			);
			path = H26XAnalys;
			sourceTree = "<group>";
		};
/* End PBXGroup section */

/* Begin PBXNativeTarget section */
		B8354D381FD8EBE400102EE1 /* H26XAnalys */ = {
			isa = PBXNativeTarget;
			buildConfigurationList = B8354D401FD8EBE400102EE1 /* Build configuration list for PBXNativeTarget "H26XAnalys" */;
			buildPhases = (
				B8354D351FD8EBE400102EE1 /* Sources */,
				B8354D361FD8EBE400102EE1 /* Frameworks */,
				B8354D371FD8EBE400102EE1 /* CopyFiles */,
			);
			buildRules = (
			);
			dependencies = (
			);
			name = H26XAnalys;
			productName = H26XAnalys;
			productReference = B8354D391FD8EBE400102EE1 /* H26XAnalys */;
			productType = "com.apple.product-type.tool";
		};
/* End PBXNativeTarget section */

/* Begin PBXProject section */
		B8354D311FD8EBE400102EE1 /* Project object */ = {
			isa = PBXProject;
			attributes = {
				LastUpgradeCheck = 0910;
				ORGANIZATIONNAME = lunli;
				TargetAttributes = {
					B8354D381FD8EBE400102EE1 = {
						CreatedOnToolsVersion = 9.1;
						ProvisioningStyle = Automatic;
					};
				};
			};
			buildConfigurationList = B8354D341FD8EBE400102EE1 /* Build configuration list for PBXProject "H26XAnalys" */;
			compatibilityVersion = "Xcode 8.0";
			developmentRegion = en;
			hasScannedForEncodings = 0;
			knownRegions = (
				en,
			);
			mainGroup = B8354D301FD8EBE400102EE1;
			productRefGroup = B8354D3A1FD8EBE400102EE1 /* Products */;
			projectDirPath = "";
			projectRoot = "";
			targets = (
				B8354D381FD8EBE400102EE1 /* H26XAnalys */,
			);
		};
/* End PBXProject section */

/* Begin PBXSourcesBuildPhase section */
		B8354D351FD8EBE400102EE1 /* Sources */ = {
			isa = PBXSourcesBuildPhase;
			buildActionMask = 2147483647;
			files = (
				B8354D3D1FD8EBE400102EE1 /* main.m in Sources */,
				B8354D481FD8EE6800102EE1 /* H26XLog.c in Sources */,
				B8354D451FD8EC2C00102EE1 /* H26XParse.c in Sources */,
			);
			runOnlyForDeploymentPostprocessing = 0;
		};
/* End PBXSourcesBuildPhase section */

/* Begin XCBuildConfiguration section */
		B8354D3E1FD8EBE400102EE1 /* Debug */ = {
			isa = XCBuildConfiguration;
			buildSettings = {
				ALWAYS_SEARCH_USER_PATHS = NO;
				CLANG_ANALYZER_NONNULL = YES;
				CLANG_ANALYZER_NUMBER_OBJECT_CONVERSION = YES_AGGRESSIVE;
				CLANG_CXX_LANGUAGE_STANDARD = "gnu++14";
				CLANG_CXX_LIBRARY = "libc++";
				CLANG_ENABLE_MODULES = YES;
				CLANG_ENABLE_OBJC_ARC = YES;
				CLANG_WARN_BLOCK_CAPTURE_AUTORELEASING = YES;
				CLANG_WARN_BOOL_CONVERSION = YES;
				CLANG_WARN_COMMA = YES;
				CLANG_WARN_CONSTANT_CONVERSION = YES;
				CLANG_WARN_DIRECT_OBJC_ISA_USAGE = YES_ERROR;
				CLANG_WARN_DOCUMENTATION_COMMENTS = YES;
				CLANG_WARN_EMPTY_BODY = YES;
				CLANG_WARN_ENUM_CONVERSION = YES;
				CLANG_WARN_INFINITE_RECURSION = YES;
				CLANG_WARN_INT_CONVERSION = YES;
				CLANG_WARN_NON_LITERAL_NULL_CONVERSION = YES;
				CLANG_WARN_OBJC_LITERAL_CONVERSION = YES;
				CLANG_WARN_OBJC_ROOT_CLASS = YES_ERROR;
				CLANG_WARN_RANGE_LOOP_ANALYSIS = YES;
				CLANG_WARN_STRICT_PROTOTYPES = YES;
				CLANG_WARN_SUSPICIOUS_MOVE = YES;
				CLANG_WARN_UNGUARDED_AVAILABILITY = YES_AGGRESSIVE;
				CLANG_WARN_UNREACHABLE_CODE = YES;
				CLANG_WARN__DUPLICATE_METHOD_MATCH = YES;
				CODE_SIGN_IDENTITY = "Mac Developer";
				COPY_PHASE_STRIP = NO;
				DEBUG_INFORMATION_FORMAT = dwarf;
				ENABLE_STRICT_OBJC_MSGSEND = YES;
				ENABLE_TESTABILITY = YES;
				GCC_C_LANGUAGE_STANDARD = gnu11;
				GCC_DYNAMIC_NO_PIC = NO;
				GCC_NO_COMMON_BLOCKS = YES;
				GCC_OPTIMIZATION_LEVEL = 0;
				GCC_PREPROCESSOR_DEFINITIONS = (
					"DEBUG=1",
					"$(inherited)",
				);
				GCC_WARN_64_TO_32_BIT_CONVERSION = YES;
				GCC_WARN_ABOUT_RETURN_TYPE = YES_ERROR;
				GCC_WARN_UNDECLARED_SELECTOR = YES;
				GCC_WARN_UNINITIALIZED_AUTOS = YES_AGGRESSIVE;
				GCC_WARN_UNUSED_FUNCTION = YES;
				GCC_WARN_UNUSED_VARIABLE = YES;
				MACOSX_DEPLOYMENT_TARGET = 10.12;
				MTL_ENABLE_DEBUG_INFO = YES;
				ONLY_ACTIVE_ARCH = YES;
				SDKROOT = macosx;
			};
			name = Debug;
		};
		B8354D3F1FD8EBE400102EE1 /* Release */ = {
			isa = XCBuildConfiguration;
			buildSettings = {
				ALWAYS_SEARCH_USER_PATHS = NO;
				CLANG_ANALYZER_NONNULL = YES;
				CLANG_ANALYZER_NUMBER_OBJECT_CONVERSION = YES_AGGRESSIVE;
				CLANG_CXX_LANGUAGE_STANDARD = "gnu++14";
				CLANG_CXX_LIBRARY = "libc++";
				CLANG_ENABLE_MODULES = YES;
				CLANG_ENABLE_OBJC_ARC = YES;
				CLANG_WARN_BLOCK_CAPTURE_AUTORELEASING = YES;
				CLANG_WARN_BOOL_CONVERSION = YES;
				CLANG_WARN_COMMA = YES;
				CLANG_WARN_CONSTANT_CONVERSION = YES;
				CLANG_WARN_DIRECT_OBJC_ISA_USAGE = YES_ERROR;
				CLANG_WARN_DOCUMENTATION_COMMENTS = YES;
				CLANG_WARN_EMPTY_BODY = YES;
				CLANG_WARN_ENUM_CONVERSION = YES;
				CLANG_WARN_INFINITE_RECURSION = YES;
				CLANG_WARN_INT_CONVERSION = YES;
				CLANG_WARN_NON_LITERAL_NULL_CONVERSION = YES;
				CLANG_WARN_OBJC_LITERAL_CONVERSION = YES;
				CLANG_WARN_OBJC_ROOT_CLASS = YES_ERROR;
				CLANG_WARN_RANGE_LOOP_ANALYSIS = YES;
				CLANG_WARN_STRICT_PROTOTYPES = YES;
				CLANG_WARN_SUSPICIOUS_MOVE = YES;
				CLANG_WARN_UNGUARDED_AVAILABILITY = YES_AGGRESSIVE;
				CLANG_WARN_UNREACHABLE_CODE = YES;
				CLANG_WARN__DUPLICATE_METHOD_MATCH = YES;
				CODE_SIGN_IDENTITY = "Mac Developer";
				COPY_PHASE_STRIP = NO;
				DEBUG_INFORMATION_FORMAT = "dwarf-with-dsym";
				ENABLE_NS_ASSERTIONS = NO;
				ENABLE_STRICT_OBJC_MSGSEND = YES;
				GCC_C_LANGUAGE_STANDARD = gnu11;
				GCC_NO_COMMON_BLOCKS = YES;
				GCC_WARN_64_TO_32_BIT_CONVERSION = YES;
				GCC_WARN_ABOUT_RETURN_TYPE = YES_ERROR;
				GCC_WARN_UNDECLARED_SELECTOR = YES;
				GCC_WARN_UNINITIALIZED_AUTOS = YES_AGGRESSIVE;
				GCC_WARN_UNUSED_FUNCTION = YES;
				GCC_WARN_UNUSED_VARIABLE = YES;
				MACOSX_DEPLOYMENT_TARGET = 10.12;
				MTL_ENABLE_DEBUG_INFO = NO;
				SDKROOT = macosx;
			};
			name = Release;
		};
		B8354D411FD8EBE400102EE1 /* Debug */ = {
			isa = XCBuildConfiguration;
			buildSettings = {
				CODE_SIGN_STYLE = Automatic;
				DEVELOPMENT_TEAM = N4S5894589;
				PRODUCT_NAME = "$(TARGET_NAME)";
			};
			name = Debug;
		};
		B8354D421FD8EBE400102EE1 /* Release */ = {
			isa = XCBuildConfiguration;
			buildSettings = {
				CODE_SIGN_STYLE = Automatic;
				DEVELOPMENT_TEAM = N4S5894589;
				PRODUCT_NAME = "$(TARGET_NAME)";
			};
			name = Release;
		};
/* End XCBuildConfiguration section */

/* Begin XCConfigurationList section */
		B8354D341FD8EBE400102EE1 /* Build configuration list for PBXProject "H26XAnalys" */ = {
			isa = XCConfigurationList;
			buildConfigurations = (
				B8354D3E1FD8EBE400102EE1 /* Debug */,
				B8354D3F1FD8EBE400102EE1 /* Release */,
			);
			defaultConfigurationIsVisible = 0;
			defaultConfigurationName = Release;
		};
		B8354D401FD8EBE400102EE1 /* Build configuration list for PBXNativeTarget "H26XAnalys" */ = {
			isa = XCConfigurationList;
			buildConfigurations = (
				B8354D411FD8EBE400102EE1 /* Debug */,
				B8354D421FD8EBE400102EE1 /* Release */,
			);
			defaultConfigurationIsVisible = 0;
			defaultConfigurationName = Release;
		};
/* End XCConfigurationList section */
	};
	rootObject = B8354D311FD8EBE400102EE1 /* Project object */;
}
